// !$*UTF8*$!
{
	archiveVersion = 1;
	classes = {
	};
	objectVersion = 51;
	objects = {

/* Begin PBXBuildFile section */
		39200B7F49E802828C88611A /* Pods_marcuslectureTests.framework in Frameworks */ = {isa = PBXBuildFile; fileRef = 6226F96A0143B04E29CF64F7 /* Pods_marcuslectureTests.framework */; };
		92A3F5455AF91802BA0A5741 /* Pods_marcuslecture.framework in Frameworks */ = {isa = PBXBuildFile; fileRef = BB041E0510F1CA868B52FF1D /* Pods_marcuslecture.framework */; };
		AB39619E28D7026500CDAC60 /* SplashStoryBoard.storyboard in Resources */ = {isa = PBXBuildFile; fileRef = AB39619D28D7026500CDAC60 /* SplashStoryBoard.storyboard */; };
		AB3961A028D7027C00CDAC60 /* LoginStoryBoard.storyboard in Resources */ = {isa = PBXBuildFile; fileRef = AB39619F28D7027C00CDAC60 /* LoginStoryBoard.storyboard */; };
		AB3961A228D7051100CDAC60 /* SpalshViewController.swift in Sources */ = {isa = PBXBuildFile; fileRef = AB3961A128D7051100CDAC60 /* SpalshViewController.swift */; };
		AB3961A428D7053200CDAC60 /* LoginViewController.swift in Sources */ = {isa = PBXBuildFile; fileRef = AB3961A328D7053200CDAC60 /* LoginViewController.swift */; };
		AB3961A628D7676B00CDAC60 /* InitAsset.xcassets in Resources */ = {isa = PBXBuildFile; fileRef = AB3961A528D7676B00CDAC60 /* InitAsset.xcassets */; };
		AB540E1828DA02A200FA97A5 /* MainStoryBoard.storyboard in Resources */ = {isa = PBXBuildFile; fileRef = AB540E1728DA02A200FA97A5 /* MainStoryBoard.storyboard */; };
		AB540E1A28DA034700FA97A5 /* Assets.xcassets in Resources */ = {isa = PBXBuildFile; fileRef = AB540E1928DA034700FA97A5 /* Assets.xcassets */; };
		AB540E1E28DA046E00FA97A5 /* LoginViewModel.swift in Sources */ = {isa = PBXBuildFile; fileRef = AB540E1D28DA046E00FA97A5 /* LoginViewModel.swift */; };
		AB676C1D28E4A12B007ECD90 /* MainPageViewController.swift in Sources */ = {isa = PBXBuildFile; fileRef = AB676C1C28E4A12B007ECD90 /* MainPageViewController.swift */; };
		AB676C2028E69490007ECD90 /* BasePageViewController.swift in Sources */ = {isa = PBXBuildFile; fileRef = AB676C1F28E69490007ECD90 /* BasePageViewController.swift */; };
		AB676C2328E69792007ECD90 /* BaseViewControl.swift in Sources */ = {isa = PBXBuildFile; fileRef = AB676C2228E69792007ECD90 /* BaseViewControl.swift */; };
		AB676C2728E69A0E007ECD90 /* Toast.swift in Sources */ = {isa = PBXBuildFile; fileRef = AB676C2628E69A0E007ECD90 /* Toast.swift */; };
		AB676C2928E69A4D007ECD90 /* MarcusUtils.swift in Sources */ = {isa = PBXBuildFile; fileRef = AB676C2828E69A4D007ECD90 /* MarcusUtils.swift */; };
		AB676C2D28E69DDB007ECD90 /* BannerUIView.swift in Sources */ = {isa = PBXBuildFile; fileRef = AB676C2C28E69DDB007ECD90 /* BannerUIView.swift */; };
		AB676C3928E6A715007ECD90 /* ProfileStoryBoard.storyboard in Resources */ = {isa = PBXBuildFile; fileRef = AB676C3828E6A715007ECD90 /* ProfileStoryBoard.storyboard */; };
		AB676C3B28E6A72D007ECD90 /* ProfileViewController.swift in Sources */ = {isa = PBXBuildFile; fileRef = AB676C3A28E6A72C007ECD90 /* ProfileViewController.swift */; };
		AB676C3D28E6A736007ECD90 /* ProfileViewModel.swift in Sources */ = {isa = PBXBuildFile; fileRef = AB676C3C28E6A736007ECD90 /* ProfileViewModel.swift */; };
		AB676C3F28E6A74E007ECD90 /* PencilStoryBoard.storyboard in Resources */ = {isa = PBXBuildFile; fileRef = AB676C3E28E6A74E007ECD90 /* PencilStoryBoard.storyboard */; };
		AB676C4128E6A757007ECD90 /* PencilViewModel.swift in Sources */ = {isa = PBXBuildFile; fileRef = AB676C4028E6A757007ECD90 /* PencilViewModel.swift */; };
		AB676C4328E6A764007ECD90 /* PencilViewController.swift in Sources */ = {isa = PBXBuildFile; fileRef = AB676C4228E6A764007ECD90 /* PencilViewController.swift */; };
		ABD1C87F28E9EA3C0090AED9 /* IdentifierViewController.swift in Sources */ = {isa = PBXBuildFile; fileRef = ABD1C87E28E9EA3C0090AED9 /* IdentifierViewController.swift */; };
		ABD1C88128E9EF860090AED9 /* FeedViewController.swift in Sources */ = {isa = PBXBuildFile; fileRef = ABD1C88028E9EF860090AED9 /* FeedViewController.swift */; };
		ABD1C88328E9EF8F0090AED9 /* FeedViewModel.swift in Sources */ = {isa = PBXBuildFile; fileRef = ABD1C88228E9EF8F0090AED9 /* FeedViewModel.swift */; };
		ABD1C88528E9EF990090AED9 /* FeedStoryBoard.storyboard in Resources */ = {isa = PBXBuildFile; fileRef = ABD1C88428E9EF990090AED9 /* FeedStoryBoard.storyboard */; };
		ABD1C88728E9F0E60090AED9 /* MainViewController.swift in Sources */ = {isa = PBXBuildFile; fileRef = ABD1C88628E9F0E60090AED9 /* MainViewController.swift */; };
		ABE1C40E28BE398700921AE8 /* AppDelegate.swift in Sources */ = {isa = PBXBuildFile; fileRef = ABE1C40D28BE398700921AE8 /* AppDelegate.swift */; };
		ABE1C41228BE398700921AE8 /* ViewController.swift in Sources */ = {isa = PBXBuildFile; fileRef = ABE1C41128BE398700921AE8 /* ViewController.swift */; };
		ABE1C41528BE398700921AE8 /* Main.storyboard in Resources */ = {isa = PBXBuildFile; fileRef = ABE1C41328BE398700921AE8 /* Main.storyboard */; };
		ABE1C41828BE398700921AE8 /* marcuslecture.xcdatamodeld in Sources */ = {isa = PBXBuildFile; fileRef = ABE1C41628BE398700921AE8 /* marcuslecture.xcdatamodeld */; };
		ABE1C41A28BE399000921AE8 /* Assets.xcassets in Resources */ = {isa = PBXBuildFile; fileRef = ABE1C41928BE399000921AE8 /* Assets.xcassets */; };
		ABE1C41D28BE399000921AE8 /* LaunchScreen.storyboard in Resources */ = {isa = PBXBuildFile; fileRef = ABE1C41B28BE399000921AE8 /* LaunchScreen.storyboard */; };
		ABE1C42828BE399100921AE8 /* marcuslectureTests.swift in Sources */ = {isa = PBXBuildFile; fileRef = ABE1C42728BE399100921AE8 /* marcuslectureTests.swift */; };
		ABE1C43328BE399100921AE8 /* marcuslectureUITests.swift in Sources */ = {isa = PBXBuildFile; fileRef = ABE1C43228BE399100921AE8 /* marcuslectureUITests.swift */; };
		CC0F78E0210E896DDCBF5536 /* Pods_marcuslecture_marcuslectureUITests.framework in Frameworks */ = {isa = PBXBuildFile; fileRef = 43F5C2CE268F036A8727D805 /* Pods_marcuslecture_marcuslectureUITests.framework */; };
/* End PBXBuildFile section */

/* Begin PBXContainerItemProxy section */
		ABE1C42428BE399100921AE8 /* PBXContainerItemProxy */ = {
			isa = PBXContainerItemProxy;
			containerPortal = ABE1C40228BE398700921AE8 /* Project object */;
			proxyType = 1;
			remoteGlobalIDString = ABE1C40928BE398700921AE8;
			remoteInfo = marcuslecture;
		};
		ABE1C42F28BE399100921AE8 /* PBXContainerItemProxy */ = {
			isa = PBXContainerItemProxy;
			containerPortal = ABE1C40228BE398700921AE8 /* Project object */;
			proxyType = 1;
			remoteGlobalIDString = ABE1C40928BE398700921AE8;
			remoteInfo = marcuslecture;
		};
/* End PBXContainerItemProxy section */

/* Begin PBXFileReference section */
		0B8A3228325A4F8B6D333B48 /* Pods-marcuslecture-marcuslectureUITests.release.xcconfig */ = {isa = PBXFileReference; includeInIndex = 1; lastKnownFileType = text.xcconfig; name = "Pods-marcuslecture-marcuslectureUITests.release.xcconfig"; path = "Target Support Files/Pods-marcuslecture-marcuslectureUITests/Pods-marcuslecture-marcuslectureUITests.release.xcconfig"; sourceTree = "<group>"; };
		2CEA63B687C80C253AEF7EB7 /* Pods-marcuslectureTests.debug.xcconfig */ = {isa = PBXFileReference; includeInIndex = 1; lastKnownFileType = text.xcconfig; name = "Pods-marcuslectureTests.debug.xcconfig"; path = "Target Support Files/Pods-marcuslectureTests/Pods-marcuslectureTests.debug.xcconfig"; sourceTree = "<group>"; };
		43F5C2CE268F036A8727D805 /* Pods_marcuslecture_marcuslectureUITests.framework */ = {isa = PBXFileReference; explicitFileType = wrapper.framework; includeInIndex = 0; path = Pods_marcuslecture_marcuslectureUITests.framework; sourceTree = BUILT_PRODUCTS_DIR; };
		6226F96A0143B04E29CF64F7 /* Pods_marcuslectureTests.framework */ = {isa = PBXFileReference; explicitFileType = wrapper.framework; includeInIndex = 0; path = Pods_marcuslectureTests.framework; sourceTree = BUILT_PRODUCTS_DIR; };
		A2D18B697DCCFD6894204476 /* Pods-marcuslecture.debug.xcconfig */ = {isa = PBXFileReference; includeInIndex = 1; lastKnownFileType = text.xcconfig; name = "Pods-marcuslecture.debug.xcconfig"; path = "Target Support Files/Pods-marcuslecture/Pods-marcuslecture.debug.xcconfig"; sourceTree = "<group>"; };
		AB39619D28D7026500CDAC60 /* SplashStoryBoard.storyboard */ = {isa = PBXFileReference; lastKnownFileType = file.storyboard; path = SplashStoryBoard.storyboard; sourceTree = "<group>"; };
		AB39619F28D7027C00CDAC60 /* LoginStoryBoard.storyboard */ = {isa = PBXFileReference; lastKnownFileType = file.storyboard; path = LoginStoryBoard.storyboard; sourceTree = "<group>"; };
		AB3961A128D7051100CDAC60 /* SpalshViewController.swift */ = {isa = PBXFileReference; lastKnownFileType = sourcecode.swift; path = SpalshViewController.swift; sourceTree = "<group>"; };
		AB3961A328D7053200CDAC60 /* LoginViewController.swift */ = {isa = PBXFileReference; lastKnownFileType = sourcecode.swift; path = LoginViewController.swift; sourceTree = "<group>"; };
		AB3961A528D7676B00CDAC60 /* InitAsset.xcassets */ = {isa = PBXFileReference; lastKnownFileType = folder.assetcatalog; path = InitAsset.xcassets; sourceTree = "<group>"; };
		AB540E1728DA02A200FA97A5 /* MainStoryBoard.storyboard */ = {isa = PBXFileReference; lastKnownFileType = file.storyboard; path = MainStoryBoard.storyboard; sourceTree = "<group>"; };
		AB540E1928DA034700FA97A5 /* Assets.xcassets */ = {isa = PBXFileReference; lastKnownFileType = folder.assetcatalog; path = Assets.xcassets; sourceTree = "<group>"; };
		AB540E1D28DA046E00FA97A5 /* LoginViewModel.swift */ = {isa = PBXFileReference; lastKnownFileType = sourcecode.swift; path = LoginViewModel.swift; sourceTree = "<group>"; };
		AB676C1C28E4A12B007ECD90 /* MainPageViewController.swift */ = {isa = PBXFileReference; lastKnownFileType = sourcecode.swift; path = MainPageViewController.swift; sourceTree = "<group>"; };
		AB676C1F28E69490007ECD90 /* BasePageViewController.swift */ = {isa = PBXFileReference; lastKnownFileType = sourcecode.swift; path = BasePageViewController.swift; sourceTree = "<group>"; };
		AB676C2228E69792007ECD90 /* BaseViewControl.swift */ = {isa = PBXFileReference; lastKnownFileType = sourcecode.swift; path = BaseViewControl.swift; sourceTree = "<group>"; };
		AB676C2628E69A0E007ECD90 /* Toast.swift */ = {isa = PBXFileReference; lastKnownFileType = sourcecode.swift; path = Toast.swift; sourceTree = "<group>"; };
		AB676C2828E69A4D007ECD90 /* MarcusUtils.swift */ = {isa = PBXFileReference; lastKnownFileType = sourcecode.swift; path = MarcusUtils.swift; sourceTree = "<group>"; };
		AB676C2C28E69DDB007ECD90 /* BannerUIView.swift */ = {isa = PBXFileReference; lastKnownFileType = sourcecode.swift; path = BannerUIView.swift; sourceTree = "<group>"; };
		AB676C3828E6A715007ECD90 /* ProfileStoryBoard.storyboard */ = {isa = PBXFileReference; lastKnownFileType = file.storyboard; path = ProfileStoryBoard.storyboard; sourceTree = "<group>"; };
		AB676C3A28E6A72C007ECD90 /* ProfileViewController.swift */ = {isa = PBXFileReference; lastKnownFileType = sourcecode.swift; path = ProfileViewController.swift; sourceTree = "<group>"; };
		AB676C3C28E6A736007ECD90 /* ProfileViewModel.swift */ = {isa = PBXFileReference; lastKnownFileType = sourcecode.swift; path = ProfileViewModel.swift; sourceTree = "<group>"; };
		AB676C3E28E6A74E007ECD90 /* PencilStoryBoard.storyboard */ = {isa = PBXFileReference; lastKnownFileType = file.storyboard; path = PencilStoryBoard.storyboard; sourceTree = "<group>"; };
		AB676C4028E6A757007ECD90 /* PencilViewModel.swift */ = {isa = PBXFileReference; lastKnownFileType = sourcecode.swift; path = PencilViewModel.swift; sourceTree = "<group>"; };
		AB676C4228E6A764007ECD90 /* PencilViewController.swift */ = {isa = PBXFileReference; lastKnownFileType = sourcecode.swift; path = PencilViewController.swift; sourceTree = "<group>"; };
		ABD1C87E28E9EA3C0090AED9 /* IdentifierViewController.swift */ = {isa = PBXFileReference; lastKnownFileType = sourcecode.swift; path = IdentifierViewController.swift; sourceTree = "<group>"; };
		ABD1C88028E9EF860090AED9 /* FeedViewController.swift */ = {isa = PBXFileReference; lastKnownFileType = sourcecode.swift; path = FeedViewController.swift; sourceTree = "<group>"; };
		ABD1C88228E9EF8F0090AED9 /* FeedViewModel.swift */ = {isa = PBXFileReference; lastKnownFileType = sourcecode.swift; path = FeedViewModel.swift; sourceTree = "<group>"; };
		ABD1C88428E9EF990090AED9 /* FeedStoryBoard.storyboard */ = {isa = PBXFileReference; lastKnownFileType = file.storyboard; path = FeedStoryBoard.storyboard; sourceTree = "<group>"; };
		ABD1C88628E9F0E60090AED9 /* MainViewController.swift */ = {isa = PBXFileReference; lastKnownFileType = sourcecode.swift; path = MainViewController.swift; sourceTree = "<group>"; };
		ABE1C40A28BE398700921AE8 /* marcuslecture.app */ = {isa = PBXFileReference; explicitFileType = wrapper.application; includeInIndex = 0; path = marcuslecture.app; sourceTree = BUILT_PRODUCTS_DIR; };
		ABE1C40D28BE398700921AE8 /* AppDelegate.swift */ = {isa = PBXFileReference; lastKnownFileType = sourcecode.swift; path = AppDelegate.swift; sourceTree = "<group>"; };
		ABE1C41128BE398700921AE8 /* ViewController.swift */ = {isa = PBXFileReference; lastKnownFileType = sourcecode.swift; path = ViewController.swift; sourceTree = "<group>"; };
		ABE1C41428BE398700921AE8 /* Base */ = {isa = PBXFileReference; lastKnownFileType = file.storyboard; name = Base; path = Base.lproj/Main.storyboard; sourceTree = "<group>"; };
		ABE1C41728BE398700921AE8 /* marcuslecture.xcdatamodel */ = {isa = PBXFileReference; lastKnownFileType = wrapper.xcdatamodel; path = marcuslecture.xcdatamodel; sourceTree = "<group>"; };
		ABE1C41928BE399000921AE8 /* Assets.xcassets */ = {isa = PBXFileReference; lastKnownFileType = folder.assetcatalog; path = Assets.xcassets; sourceTree = "<group>"; };
		ABE1C41C28BE399000921AE8 /* Base */ = {isa = PBXFileReference; lastKnownFileType = file.storyboard; name = Base; path = Base.lproj/LaunchScreen.storyboard; sourceTree = "<group>"; };
		ABE1C41E28BE399000921AE8 /* Info.plist */ = {isa = PBXFileReference; lastKnownFileType = text.plist.xml; path = Info.plist; sourceTree = "<group>"; };
		ABE1C42328BE399100921AE8 /* marcuslectureTests.xctest */ = {isa = PBXFileReference; explicitFileType = wrapper.cfbundle; includeInIndex = 0; path = marcuslectureTests.xctest; sourceTree = BUILT_PRODUCTS_DIR; };
		ABE1C42728BE399100921AE8 /* marcuslectureTests.swift */ = {isa = PBXFileReference; lastKnownFileType = sourcecode.swift; path = marcuslectureTests.swift; sourceTree = "<group>"; };
		ABE1C42928BE399100921AE8 /* Info.plist */ = {isa = PBXFileReference; lastKnownFileType = text.plist.xml; path = Info.plist; sourceTree = "<group>"; };
		ABE1C42E28BE399100921AE8 /* marcuslectureUITests.xctest */ = {isa = PBXFileReference; explicitFileType = wrapper.cfbundle; includeInIndex = 0; path = marcuslectureUITests.xctest; sourceTree = BUILT_PRODUCTS_DIR; };
		ABE1C43228BE399100921AE8 /* marcuslectureUITests.swift */ = {isa = PBXFileReference; lastKnownFileType = sourcecode.swift; path = marcuslectureUITests.swift; sourceTree = "<group>"; };
		ABE1C43428BE399100921AE8 /* Info.plist */ = {isa = PBXFileReference; lastKnownFileType = text.plist.xml; path = Info.plist; sourceTree = "<group>"; };
		BB041E0510F1CA868B52FF1D /* Pods_marcuslecture.framework */ = {isa = PBXFileReference; explicitFileType = wrapper.framework; includeInIndex = 0; path = Pods_marcuslecture.framework; sourceTree = BUILT_PRODUCTS_DIR; };
		D153142FFC8E79707152A663 /* Pods-marcuslecture-marcuslectureUITests.debug.xcconfig */ = {isa = PBXFileReference; includeInIndex = 1; lastKnownFileType = text.xcconfig; name = "Pods-marcuslecture-marcuslectureUITests.debug.xcconfig"; path = "Target Support Files/Pods-marcuslecture-marcuslectureUITests/Pods-marcuslecture-marcuslectureUITests.debug.xcconfig"; sourceTree = "<group>"; };
		F514D6AB9A99EC98A5A4608C /* Pods-marcuslecture.release.xcconfig */ = {isa = PBXFileReference; includeInIndex = 1; lastKnownFileType = text.xcconfig; name = "Pods-marcuslecture.release.xcconfig"; path = "Target Support Files/Pods-marcuslecture/Pods-marcuslecture.release.xcconfig"; sourceTree = "<group>"; };
		FE66D29BCF1C93AA19FD1B38 /* Pods-marcuslectureTests.release.xcconfig */ = {isa = PBXFileReference; includeInIndex = 1; lastKnownFileType = text.xcconfig; name = "Pods-marcuslectureTests.release.xcconfig"; path = "Target Support Files/Pods-marcuslectureTests/Pods-marcuslectureTests.release.xcconfig"; sourceTree = "<group>"; };
/* End PBXFileReference section */

/* Begin PBXFrameworksBuildPhase section */
		ABE1C40728BE398700921AE8 /* Frameworks */ = {
			isa = PBXFrameworksBuildPhase;
			buildActionMask = 2147483647;
			files = (
				92A3F5455AF91802BA0A5741 /* Pods_marcuslecture.framework in Frameworks */,
			);
			runOnlyForDeploymentPostprocessing = 0;
		};
		ABE1C42028BE399100921AE8 /* Frameworks */ = {
			isa = PBXFrameworksBuildPhase;
			buildActionMask = 2147483647;
			files = (
				39200B7F49E802828C88611A /* Pods_marcuslectureTests.framework in Frameworks */,
			);
			runOnlyForDeploymentPostprocessing = 0;
		};
		ABE1C42B28BE399100921AE8 /* Frameworks */ = {
			isa = PBXFrameworksBuildPhase;
			buildActionMask = 2147483647;
			files = (
				CC0F78E0210E896DDCBF5536 /* Pods_marcuslecture_marcuslectureUITests.framework in Frameworks */,
			);
			runOnlyForDeploymentPostprocessing = 0;
		};
/* End PBXFrameworksBuildPhase section */

/* Begin PBXGroup section */
		5BB049392A3D6DEB31F22708 /* Frameworks */ = {
			isa = PBXGroup;
			children = (
				BB041E0510F1CA868B52FF1D /* Pods_marcuslecture.framework */,
				43F5C2CE268F036A8727D805 /* Pods_marcuslecture_marcuslectureUITests.framework */,
				6226F96A0143B04E29CF64F7 /* Pods_marcuslectureTests.framework */,
			);
			name = Frameworks;
			sourceTree = "<group>";
		};
		AB39619628D701B400CDAC60 /* Modules */ = {
			isa = PBXGroup;
			children = (
				AB540E1328DA011E00FA97A5 /* A1_Main */,
				AB676C3028E6A601007ECD90 /* A4_Profile */,
				AB676C2F28E6A5F5007ECD90 /* A3_Pencil */,
				AB676C2E28E6A571007ECD90 /* A2_Feed */,
				AB39619728D701C800CDAC60 /* A0_Init */,
			);
			path = Modules;
			sourceTree = "<group>";
		};
		AB39619728D701C800CDAC60 /* A0_Init */ = {
			isa = PBXGroup;
			children = (
				AB39619A28D701F300CDAC60 /* Main */,
				AB39619928D701E700CDAC60 /* Resource */,
				AB39619828D701D800CDAC60 /* UserInterface */,
			);
			path = A0_Init;
			sourceTree = "<group>";
		};
		AB39619828D701D800CDAC60 /* UserInterface */ = {
			isa = PBXGroup;
			children = (
				AB39619D28D7026500CDAC60 /* SplashStoryBoard.storyboard */,
				AB39619F28D7027C00CDAC60 /* LoginStoryBoard.storyboard */,
			);
			path = UserInterface;
			sourceTree = "<group>";
		};
		AB39619928D701E700CDAC60 /* Resource */ = {
			isa = PBXGroup;
			children = (
				AB3961A528D7676B00CDAC60 /* InitAsset.xcassets */,
			);
			path = Resource;
			sourceTree = "<group>";
		};
		AB39619A28D701F300CDAC60 /* Main */ = {
			isa = PBXGroup;
			children = (
				AB39619C28D7021800CDAC60 /* Login */,
				AB39619B28D7020E00CDAC60 /* Splash */,
			);
			path = Main;
			sourceTree = "<group>";
		};
		AB39619B28D7020E00CDAC60 /* Splash */ = {
			isa = PBXGroup;
			children = (
				AB3961A128D7051100CDAC60 /* SpalshViewController.swift */,
			);
			path = Splash;
			sourceTree = "<group>";
		};
		AB39619C28D7021800CDAC60 /* Login */ = {
			isa = PBXGroup;
			children = (
				AB3961A328D7053200CDAC60 /* LoginViewController.swift */,
				AB540E1D28DA046E00FA97A5 /* LoginViewModel.swift */,
			);
			path = Login;
			sourceTree = "<group>";
		};
		AB540E1328DA011E00FA97A5 /* A1_Main */ = {
			isa = PBXGroup;
			children = (
				AB540E1628DA013E00FA97A5 /* Main */,
				AB540E1528DA013600FA97A5 /* Resource */,
				AB540E1428DA012C00FA97A5 /* UserInterface */,
			);
			path = A1_Main;
			sourceTree = "<group>";
		};
		AB540E1428DA012C00FA97A5 /* UserInterface */ = {
			isa = PBXGroup;
			children = (
				AB540E1728DA02A200FA97A5 /* MainStoryBoard.storyboard */,
			);
			path = UserInterface;
			sourceTree = "<group>";
		};
		AB540E1528DA013600FA97A5 /* Resource */ = {
			isa = PBXGroup;
			children = (
				AB540E1928DA034700FA97A5 /* Assets.xcassets */,
			);
			path = Resource;
			sourceTree = "<group>";
		};
		AB540E1628DA013E00FA97A5 /* Main */ = {
			isa = PBXGroup;
			children = (
				AB540E1C28DA038D00FA97A5 /* Main */,
				AB540E1B28DA037F00FA97A5 /* MainPage */,
			);
			path = Main;
			sourceTree = "<group>";
		};
		AB540E1B28DA037F00FA97A5 /* MainPage */ = {
			isa = PBXGroup;
			children = (
				AB676C1C28E4A12B007ECD90 /* MainPageViewController.swift */,
				ABD1C88628E9F0E60090AED9 /* MainViewController.swift */,
			);
			path = MainPage;
			sourceTree = "<group>";
		};
		AB540E1C28DA038D00FA97A5 /* Main */ = {
			isa = PBXGroup;
			children = (
			);
			path = Main;
			sourceTree = "<group>";
		};
		AB676C1E28E69425007ECD90 /* Framework */ = {
			isa = PBXGroup;
			children = (
				AB676C2528E699F1007ECD90 /* MarcusUtils */,
				AB676C2128E69499007ECD90 /* Base */,
			);
			path = Framework;
			sourceTree = "<group>";
		};
		AB676C2128E69499007ECD90 /* Base */ = {
			isa = PBXGroup;
			children = (
				AB676C1F28E69490007ECD90 /* BasePageViewController.swift */,
				AB676C2228E69792007ECD90 /* BaseViewControl.swift */,
			);
			path = Base;
			sourceTree = "<group>";
		};
		AB676C2428E69958007ECD90 /* Alert */ = {
			isa = PBXGroup;
			children = (
				AB676C2628E69A0E007ECD90 /* Toast.swift */,
			);
			path = Alert;
			sourceTree = "<group>";
		};
		AB676C2528E699F1007ECD90 /* MarcusUtils */ = {
			isa = PBXGroup;
			children = (
				AB676C2A28E69D94007ECD90 /* Extension */,
				AB676C2828E69A4D007ECD90 /* MarcusUtils.swift */,
				AB676C2428E69958007ECD90 /* Alert */,
			);
			path = MarcusUtils;
			sourceTree = "<group>";
		};
		AB676C2A28E69D94007ECD90 /* Extension */ = {
			isa = PBXGroup;
			children = (
				ABD1C87D28E9EA210090AED9 /* ViewControl */,
				AB676C2B28E69DA7007ECD90 /* View */,
			);
			path = Extension;
			sourceTree = "<group>";
		};
		AB676C2B28E69DA7007ECD90 /* View */ = {
			isa = PBXGroup;
			children = (
				AB676C2C28E69DDB007ECD90 /* BannerUIView.swift */,
			);
			path = View;
			sourceTree = "<group>";
		};
		AB676C2E28E6A571007ECD90 /* A2_Feed */ = {
			isa = PBXGroup;
			children = (
				AB676C4528E6A775007ECD90 /* Resource */,
				AB676C4428E6A76E007ECD90 /* UserInterface */,
				AB676C3128E6A64F007ECD90 /* Main */,
			);
			path = A2_Feed;
			sourceTree = "<group>";
		};
		AB676C2F28E6A5F5007ECD90 /* A3_Pencil */ = {
			isa = PBXGroup;
			children = (
				AB676C3428E6A6D3007ECD90 /* UserInterface */,
				AB676C3328E6A6CE007ECD90 /* Resource */,
				AB676C3228E6A6C7007ECD90 /* Main */,
			);
			path = A3_Pencil;
			sourceTree = "<group>";
		};
		AB676C3028E6A601007ECD90 /* A4_Profile */ = {
			isa = PBXGroup;
			children = (
				AB676C3728E6A6ED007ECD90 /* UserInterface */,
				AB676C3628E6A6E3007ECD90 /* Resource */,
				AB676C3528E6A6E0007ECD90 /* Main */,
			);
			path = A4_Profile;
			sourceTree = "<group>";
		};
		AB676C3128E6A64F007ECD90 /* Main */ = {
			isa = PBXGroup;
			children = (
				ABD1C88028E9EF860090AED9 /* FeedViewController.swift */,
				ABD1C88228E9EF8F0090AED9 /* FeedViewModel.swift */,
			);
			path = Main;
			sourceTree = "<group>";
		};
		AB676C3228E6A6C7007ECD90 /* Main */ = {
			isa = PBXGroup;
			children = (
				AB676C4028E6A757007ECD90 /* PencilViewModel.swift */,
				AB676C4228E6A764007ECD90 /* PencilViewController.swift */,
			);
			path = Main;
			sourceTree = "<group>";
		};
		AB676C3328E6A6CE007ECD90 /* Resource */ = {
			isa = PBXGroup;
			children = (
			);
			path = Resource;
			sourceTree = "<group>";
		};
		AB676C3428E6A6D3007ECD90 /* UserInterface */ = {
			isa = PBXGroup;
			children = (
				AB676C3E28E6A74E007ECD90 /* PencilStoryBoard.storyboard */,
			);
			path = UserInterface;
			sourceTree = "<group>";
		};
		AB676C3528E6A6E0007ECD90 /* Main */ = {
			isa = PBXGroup;
			children = (
				AB676C3A28E6A72C007ECD90 /* ProfileViewController.swift */,
				AB676C3C28E6A736007ECD90 /* ProfileViewModel.swift */,
			);
			path = Main;
			sourceTree = "<group>";
		};
		AB676C3628E6A6E3007ECD90 /* Resource */ = {
			isa = PBXGroup;
			children = (
			);
			path = Resource;
			sourceTree = "<group>";
		};
		AB676C3728E6A6ED007ECD90 /* UserInterface */ = {
			isa = PBXGroup;
			children = (
				AB676C3828E6A715007ECD90 /* ProfileStoryBoard.storyboard */,
			);
			path = UserInterface;
			sourceTree = "<group>";
		};
		AB676C4428E6A76E007ECD90 /* UserInterface */ = {
			isa = PBXGroup;
			children = (
				ABD1C88428E9EF990090AED9 /* FeedStoryBoard.storyboard */,
			);
			path = UserInterface;
			sourceTree = "<group>";
		};
		AB676C4528E6A775007ECD90 /* Resource */ = {
			isa = PBXGroup;
			children = (
			);
			path = Resource;
			sourceTree = "<group>";
		};
		ABD1C87D28E9EA210090AED9 /* ViewControl */ = {
			isa = PBXGroup;
			children = (
				ABD1C87E28E9EA3C0090AED9 /* IdentifierViewController.swift */,
			);
			path = ViewControl;
			sourceTree = "<group>";
		};
		ABE1C40128BE398700921AE8 = {
			isa = PBXGroup;
			children = (
				ABE1C40C28BE398700921AE8 /* marcuslecture */,
				ABE1C42628BE399100921AE8 /* marcuslectureTests */,
				ABE1C43128BE399100921AE8 /* marcuslectureUITests */,
				ABE1C40B28BE398700921AE8 /* Products */,
				BE2E7A19A1A87D69E779B8AB /* Pods */,
				5BB049392A3D6DEB31F22708 /* Frameworks */,
			);
			sourceTree = "<group>";
		};
		ABE1C40B28BE398700921AE8 /* Products */ = {
			isa = PBXGroup;
			children = (
				ABE1C40A28BE398700921AE8 /* marcuslecture.app */,
				ABE1C42328BE399100921AE8 /* marcuslectureTests.xctest */,
				ABE1C42E28BE399100921AE8 /* marcuslectureUITests.xctest */,
			);
			name = Products;
			sourceTree = "<group>";
		};
		ABE1C40C28BE398700921AE8 /* marcuslecture */ = {
			isa = PBXGroup;
			children = (
				AB676C1E28E69425007ECD90 /* Framework */,
				AB39619628D701B400CDAC60 /* Modules */,
				ABE1C40D28BE398700921AE8 /* AppDelegate.swift */,
				ABE1C41128BE398700921AE8 /* ViewController.swift */,
				ABE1C41328BE398700921AE8 /* Main.storyboard */,
				ABE1C41928BE399000921AE8 /* Assets.xcassets */,
				ABE1C41B28BE399000921AE8 /* LaunchScreen.storyboard */,
				ABE1C41E28BE399000921AE8 /* Info.plist */,
				ABE1C41628BE398700921AE8 /* marcuslecture.xcdatamodeld */,
			);
			path = marcuslecture;
			sourceTree = "<group>";
		};
		ABE1C42628BE399100921AE8 /* marcuslectureTests */ = {
			isa = PBXGroup;
			children = (
				ABE1C42728BE399100921AE8 /* marcuslectureTests.swift */,
				ABE1C42928BE399100921AE8 /* Info.plist */,
			);
			path = marcuslectureTests;
			sourceTree = "<group>";
		};
		ABE1C43128BE399100921AE8 /* marcuslectureUITests */ = {
			isa = PBXGroup;
			children = (
				ABE1C43228BE399100921AE8 /* marcuslectureUITests.swift */,
				ABE1C43428BE399100921AE8 /* Info.plist */,
			);
			path = marcuslectureUITests;
			sourceTree = "<group>";
		};
		BE2E7A19A1A87D69E779B8AB /* Pods */ = {
			isa = PBXGroup;
			children = (
				A2D18B697DCCFD6894204476 /* Pods-marcuslecture.debug.xcconfig */,
				F514D6AB9A99EC98A5A4608C /* Pods-marcuslecture.release.xcconfig */,
				D153142FFC8E79707152A663 /* Pods-marcuslecture-marcuslectureUITests.debug.xcconfig */,
				0B8A3228325A4F8B6D333B48 /* Pods-marcuslecture-marcuslectureUITests.release.xcconfig */,
				2CEA63B687C80C253AEF7EB7 /* Pods-marcuslectureTests.debug.xcconfig */,
				FE66D29BCF1C93AA19FD1B38 /* Pods-marcuslectureTests.release.xcconfig */,
			);
			path = Pods;
			sourceTree = "<group>";
		};
/* End PBXGroup section */

/* Begin PBXNativeTarget section */
		ABE1C40928BE398700921AE8 /* marcuslecture */ = {
			isa = PBXNativeTarget;
			buildConfigurationList = ABE1C43728BE399100921AE8 /* Build configuration list for PBXNativeTarget "marcuslecture" */;
			buildPhases = (
				5F7E3F90C3950822D44970EC /* [CP] Check Pods Manifest.lock */,
				ABE1C40628BE398700921AE8 /* Sources */,
				ABE1C40728BE398700921AE8 /* Frameworks */,
				ABE1C40828BE398700921AE8 /* Resources */,
				9859864D05AFB3A3A5F9BAD7 /* [CP] Embed Pods Frameworks */,
			);
			buildRules = (
			);
			dependencies = (
			);
			name = marcuslecture;
			productName = marcuslecture;
			productReference = ABE1C40A28BE398700921AE8 /* marcuslecture.app */;
			productType = "com.apple.product-type.application";
		};
		ABE1C42228BE399100921AE8 /* marcuslectureTests */ = {
			isa = PBXNativeTarget;
			buildConfigurationList = ABE1C43A28BE399100921AE8 /* Build configuration list for PBXNativeTarget "marcuslectureTests" */;
			buildPhases = (
				87185B791686F1E7C46C80C6 /* [CP] Check Pods Manifest.lock */,
				ABE1C41F28BE399100921AE8 /* Sources */,
				ABE1C42028BE399100921AE8 /* Frameworks */,
				ABE1C42128BE399100921AE8 /* Resources */,
			);
			buildRules = (
			);
			dependencies = (
				ABE1C42528BE399100921AE8 /* PBXTargetDependency */,
			);
			name = marcuslectureTests;
			productName = marcuslectureTests;
			productReference = ABE1C42328BE399100921AE8 /* marcuslectureTests.xctest */;
			productType = "com.apple.product-type.bundle.unit-test";
		};
		ABE1C42D28BE399100921AE8 /* marcuslectureUITests */ = {
			isa = PBXNativeTarget;
			buildConfigurationList = ABE1C43D28BE399100921AE8 /* Build configuration list for PBXNativeTarget "marcuslectureUITests" */;
			buildPhases = (
				C63306AF955A836402D26809 /* [CP] Check Pods Manifest.lock */,
				ABE1C42A28BE399100921AE8 /* Sources */,
				ABE1C42B28BE399100921AE8 /* Frameworks */,
				ABE1C42C28BE399100921AE8 /* Resources */,
				C4ED2143CB132AB3C39F1FAE /* [CP] Embed Pods Frameworks */,
			);
			buildRules = (
			);
			dependencies = (
				ABE1C43028BE399100921AE8 /* PBXTargetDependency */,
			);
			name = marcuslectureUITests;
			productName = marcuslectureUITests;
			productReference = ABE1C42E28BE399100921AE8 /* marcuslectureUITests.xctest */;
			productType = "com.apple.product-type.bundle.ui-testing";
		};
/* End PBXNativeTarget section */

/* Begin PBXProject section */
		ABE1C40228BE398700921AE8 /* Project object */ = {
			isa = PBXProject;
			attributes = {
				LastSwiftUpdateCheck = 1240;
				LastUpgradeCheck = 1240;
				TargetAttributes = {
					ABE1C40928BE398700921AE8 = {
						CreatedOnToolsVersion = 12.4;
					};
					ABE1C42228BE399100921AE8 = {
						CreatedOnToolsVersion = 12.4;
						TestTargetID = ABE1C40928BE398700921AE8;
					};
					ABE1C42D28BE399100921AE8 = {
						CreatedOnToolsVersion = 12.4;
						TestTargetID = ABE1C40928BE398700921AE8;
					};
				};
			};
			buildConfigurationList = ABE1C40528BE398700921AE8 /* Build configuration list for PBXProject "marcuslecture" */;
			compatibilityVersion = "Xcode 9.3";
			developmentRegion = en;
			hasScannedForEncodings = 0;
			knownRegions = (
				en,
				Base,
			);
			mainGroup = ABE1C40128BE398700921AE8;
			productRefGroup = ABE1C40B28BE398700921AE8 /* Products */;
			projectDirPath = "";
			projectRoot = "";
			targets = (
				ABE1C40928BE398700921AE8 /* marcuslecture */,
				ABE1C42228BE399100921AE8 /* marcuslectureTests */,
				ABE1C42D28BE399100921AE8 /* marcuslectureUITests */,
			);
		};
/* End PBXProject section */

/* Begin PBXResourcesBuildPhase section */
		ABE1C40828BE398700921AE8 /* Resources */ = {
			isa = PBXResourcesBuildPhase;
			buildActionMask = 2147483647;
			files = (
				ABE1C41D28BE399000921AE8 /* LaunchScreen.storyboard in Resources */,
				ABE1C41A28BE399000921AE8 /* Assets.xcassets in Resources */,
				AB39619E28D7026500CDAC60 /* SplashStoryBoard.storyboard in Resources */,
				AB540E1828DA02A200FA97A5 /* MainStoryBoard.storyboard in Resources */,
				AB3961A028D7027C00CDAC60 /* LoginStoryBoard.storyboard in Resources */,
				AB3961A628D7676B00CDAC60 /* InitAsset.xcassets in Resources */,
				AB676C3F28E6A74E007ECD90 /* PencilStoryBoard.storyboard in Resources */,
				AB540E1A28DA034700FA97A5 /* Assets.xcassets in Resources */,
				ABD1C88528E9EF990090AED9 /* FeedStoryBoard.storyboard in Resources */,
				ABE1C41528BE398700921AE8 /* Main.storyboard in Resources */,
				AB676C3928E6A715007ECD90 /* ProfileStoryBoard.storyboard in Resources */,
			);
			runOnlyForDeploymentPostprocessing = 0;
		};
		ABE1C42128BE399100921AE8 /* Resources */ = {
			isa = PBXResourcesBuildPhase;
			buildActionMask = 2147483647;
			files = (
			);
			runOnlyForDeploymentPostprocessing = 0;
		};
		ABE1C42C28BE399100921AE8 /* Resources */ = {
			isa = PBXResourcesBuildPhase;
			buildActionMask = 2147483647;
			files = (
			);
			runOnlyForDeploymentPostprocessing = 0;
		};
/* End PBXResourcesBuildPhase section */

/* Begin PBXShellScriptBuildPhase section */
		5F7E3F90C3950822D44970EC /* [CP] Check Pods Manifest.lock */ = {
			isa = PBXShellScriptBuildPhase;
			buildActionMask = 2147483647;
			files = (
			);
			inputFileListPaths = (
			);
			inputPaths = (
				"${PODS_PODFILE_DIR_PATH}/Podfile.lock",
				"${PODS_ROOT}/Manifest.lock",
			);
			name = "[CP] Check Pods Manifest.lock";
			outputFileListPaths = (
			);
			outputPaths = (
				"$(DERIVED_FILE_DIR)/Pods-marcuslecture-checkManifestLockResult.txt",
			);
			runOnlyForDeploymentPostprocessing = 0;
			shellPath = /bin/sh;
			shellScript = "diff \"${PODS_PODFILE_DIR_PATH}/Podfile.lock\" \"${PODS_ROOT}/Manifest.lock\" > /dev/null\nif [ $? != 0 ] ; then\n    # print error to STDERR\n    echo \"error: The sandbox is not in sync with the Podfile.lock. Run 'pod install' or update your CocoaPods installation.\" >&2\n    exit 1\nfi\n# This output is used by Xcode 'outputs' to avoid re-running this script phase.\necho \"SUCCESS\" > \"${SCRIPT_OUTPUT_FILE_0}\"\n";
			showEnvVarsInLog = 0;
		};
		87185B791686F1E7C46C80C6 /* [CP] Check Pods Manifest.lock */ = {
			isa = PBXShellScriptBuildPhase;
			buildActionMask = 2147483647;
			files = (
			);
			inputFileListPaths = (
			);
			inputPaths = (
				"${PODS_PODFILE_DIR_PATH}/Podfile.lock",
				"${PODS_ROOT}/Manifest.lock",
			);
			name = "[CP] Check Pods Manifest.lock";
			outputFileListPaths = (
			);
			outputPaths = (
				"$(DERIVED_FILE_DIR)/Pods-marcuslectureTests-checkManifestLockResult.txt",
			);
			runOnlyForDeploymentPostprocessing = 0;
			shellPath = /bin/sh;
			shellScript = "diff \"${PODS_PODFILE_DIR_PATH}/Podfile.lock\" \"${PODS_ROOT}/Manifest.lock\" > /dev/null\nif [ $? != 0 ] ; then\n    # print error to STDERR\n    echo \"error: The sandbox is not in sync with the Podfile.lock. Run 'pod install' or update your CocoaPods installation.\" >&2\n    exit 1\nfi\n# This output is used by Xcode 'outputs' to avoid re-running this script phase.\necho \"SUCCESS\" > \"${SCRIPT_OUTPUT_FILE_0}\"\n";
			showEnvVarsInLog = 0;
		};
		9859864D05AFB3A3A5F9BAD7 /* [CP] Embed Pods Frameworks */ = {
			isa = PBXShellScriptBuildPhase;
			buildActionMask = 2147483647;
			files = (
			);
			inputFileListPaths = (
				"${PODS_ROOT}/Target Support Files/Pods-marcuslecture/Pods-marcuslecture-frameworks-${CONFIGURATION}-input-files.xcfilelist",
			);
			name = "[CP] Embed Pods Frameworks";
			outputFileListPaths = (
				"${PODS_ROOT}/Target Support Files/Pods-marcuslecture/Pods-marcuslecture-frameworks-${CONFIGURATION}-output-files.xcfilelist",
			);
			runOnlyForDeploymentPostprocessing = 0;
			shellPath = /bin/sh;
			shellScript = "\"${PODS_ROOT}/Target Support Files/Pods-marcuslecture/Pods-marcuslecture-frameworks.sh\"\n";
			showEnvVarsInLog = 0;
		};
		C4ED2143CB132AB3C39F1FAE /* [CP] Embed Pods Frameworks */ = {
			isa = PBXShellScriptBuildPhase;
			buildActionMask = 2147483647;
			files = (
			);
			inputFileListPaths = (
				"${PODS_ROOT}/Target Support Files/Pods-marcuslecture-marcuslectureUITests/Pods-marcuslecture-marcuslectureUITests-frameworks-${CONFIGURATION}-input-files.xcfilelist",
			);
			name = "[CP] Embed Pods Frameworks";
			outputFileListPaths = (
				"${PODS_ROOT}/Target Support Files/Pods-marcuslecture-marcuslectureUITests/Pods-marcuslecture-marcuslectureUITests-frameworks-${CONFIGURATION}-output-files.xcfilelist",
			);
			runOnlyForDeploymentPostprocessing = 0;
			shellPath = /bin/sh;
			shellScript = "\"${PODS_ROOT}/Target Support Files/Pods-marcuslecture-marcuslectureUITests/Pods-marcuslecture-marcuslectureUITests-frameworks.sh\"\n";
			showEnvVarsInLog = 0;
		};
		C63306AF955A836402D26809 /* [CP] Check Pods Manifest.lock */ = {
			isa = PBXShellScriptBuildPhase;
			buildActionMask = 2147483647;
			files = (
			);
			inputFileListPaths = (
			);
			inputPaths = (
				"${PODS_PODFILE_DIR_PATH}/Podfile.lock",
				"${PODS_ROOT}/Manifest.lock",
			);
			name = "[CP] Check Pods Manifest.lock";
			outputFileListPaths = (
			);
			outputPaths = (
				"$(DERIVED_FILE_DIR)/Pods-marcuslecture-marcuslectureUITests-checkManifestLockResult.txt",
			);
			runOnlyForDeploymentPostprocessing = 0;
			shellPath = /bin/sh;
			shellScript = "diff \"${PODS_PODFILE_DIR_PATH}/Podfile.lock\" \"${PODS_ROOT}/Manifest.lock\" > /dev/null\nif [ $? != 0 ] ; then\n    # print error to STDERR\n    echo \"error: The sandbox is not in sync with the Podfile.lock. Run 'pod install' or update your CocoaPods installation.\" >&2\n    exit 1\nfi\n# This output is used by Xcode 'outputs' to avoid re-running this script phase.\necho \"SUCCESS\" > \"${SCRIPT_OUTPUT_FILE_0}\"\n";
			showEnvVarsInLog = 0;
		};
/* End PBXShellScriptBuildPhase section */

/* Begin PBXSourcesBuildPhase section */
		ABE1C40628BE398700921AE8 /* Sources */ = {
			isa = PBXSourcesBuildPhase;
			buildActionMask = 2147483647;
			files = (
				ABD1C88328E9EF8F0090AED9 /* FeedViewModel.swift in Sources */,
				ABD1C87F28E9EA3C0090AED9 /* IdentifierViewController.swift in Sources */,
				AB3961A428D7053200CDAC60 /* LoginViewController.swift in Sources */,
				AB676C1D28E4A12B007ECD90 /* MainPageViewController.swift in Sources */,
				ABE1C41228BE398700921AE8 /* ViewController.swift in Sources */,
				AB676C2928E69A4D007ECD90 /* MarcusUtils.swift in Sources */,
				AB3961A228D7051100CDAC60 /* SpalshViewController.swift in Sources */,
				AB676C2328E69792007ECD90 /* BaseViewControl.swift in Sources */,
				AB676C3D28E6A736007ECD90 /* ProfileViewModel.swift in Sources */,
				ABE1C41828BE398700921AE8 /* marcuslecture.xcdatamodeld in Sources */,
				ABE1C40E28BE398700921AE8 /* AppDelegate.swift in Sources */,
				ABD1C88128E9EF860090AED9 /* FeedViewController.swift in Sources */,
				AB676C2D28E69DDB007ECD90 /* BannerUIView.swift in Sources */,
				AB676C2728E69A0E007ECD90 /* Toast.swift in Sources */,
				AB676C3B28E6A72D007ECD90 /* ProfileViewController.swift in Sources */,
				AB676C2028E69490007ECD90 /* BasePageViewController.swift in Sources */,
				AB676C4128E6A757007ECD90 /* PencilViewModel.swift in Sources */,
				AB540E1E28DA046E00FA97A5 /* LoginViewModel.swift in Sources */,
				AB676C4328E6A764007ECD90 /* PencilViewController.swift in Sources */,
				ABD1C88728E9F0E60090AED9 /* MainViewController.swift in Sources */,
			);
			runOnlyForDeploymentPostprocessing = 0;
		};
		ABE1C41F28BE399100921AE8 /* Sources */ = {
			isa = PBXSourcesBuildPhase;
			buildActionMask = 2147483647;
			files = (
				ABE1C42828BE399100921AE8 /* marcuslectureTests.swift in Sources */,
			);
			runOnlyForDeploymentPostprocessing = 0;
		};
		ABE1C42A28BE399100921AE8 /* Sources */ = {
			isa = PBXSourcesBuildPhase;
			buildActionMask = 2147483647;
			files = (
				ABE1C43328BE399100921AE8 /* marcuslectureUITests.swift in Sources */,
			);
			runOnlyForDeploymentPostprocessing = 0;
		};
/* End PBXSourcesBuildPhase section */

/* Begin PBXTargetDependency section */
		ABE1C42528BE399100921AE8 /* PBXTargetDependency */ = {
			isa = PBXTargetDependency;
			target = ABE1C40928BE398700921AE8 /* marcuslecture */;
			targetProxy = ABE1C42428BE399100921AE8 /* PBXContainerItemProxy */;
		};
		ABE1C43028BE399100921AE8 /* PBXTargetDependency */ = {
			isa = PBXTargetDependency;
			target = ABE1C40928BE398700921AE8 /* marcuslecture */;
			targetProxy = ABE1C42F28BE399100921AE8 /* PBXContainerItemProxy */;
		};
/* End PBXTargetDependency section */

/* Begin PBXVariantGroup section */
		ABE1C41328BE398700921AE8 /* Main.storyboard */ = {
			isa = PBXVariantGroup;
			children = (
				ABE1C41428BE398700921AE8 /* Base */,
			);
			name = Main.storyboard;
			sourceTree = "<group>";
		};
		ABE1C41B28BE399000921AE8 /* LaunchScreen.storyboard */ = {
			isa = PBXVariantGroup;
			children = (
				ABE1C41C28BE399000921AE8 /* Base */,
			);
			name = LaunchScreen.storyboard;
			sourceTree = "<group>";
		};
/* End PBXVariantGroup section */

/* Begin XCBuildConfiguration section */
		ABE1C43528BE399100921AE8 /* Debug */ = {
			isa = XCBuildConfiguration;
			buildSettings = {
				ALWAYS_SEARCH_USER_PATHS = NO;
				CLANG_ANALYZER_NONNULL = YES;
				CLANG_ANALYZER_NUMBER_OBJECT_CONVERSION = YES_AGGRESSIVE;
				CLANG_CXX_LANGUAGE_STANDARD = "gnu++14";
				CLANG_CXX_LIBRARY = "libc++";
				CLANG_ENABLE_MODULES = YES;
				CLANG_ENABLE_OBJC_ARC = YES;
				CLANG_ENABLE_OBJC_WEAK = YES;
				CLANG_WARN_BLOCK_CAPTURE_AUTORELEASING = YES;
				CLANG_WARN_BOOL_CONVERSION = YES;
				CLANG_WARN_COMMA = YES;
				CLANG_WARN_CONSTANT_CONVERSION = YES;
				CLANG_WARN_DEPRECATED_OBJC_IMPLEMENTATIONS = YES;
				CLANG_WARN_DIRECT_OBJC_ISA_USAGE = YES_ERROR;
				CLANG_WARN_DOCUMENTATION_COMMENTS = YES;
				CLANG_WARN_EMPTY_BODY = YES;
				CLANG_WARN_ENUM_CONVERSION = YES;
				CLANG_WARN_INFINITE_RECURSION = YES;
				CLANG_WARN_INT_CONVERSION = YES;
				CLANG_WARN_NON_LITERAL_NULL_CONVERSION = YES;
				CLANG_WARN_OBJC_IMPLICIT_RETAIN_SELF = YES;
				CLANG_WARN_OBJC_LITERAL_CONVERSION = YES;
				CLANG_WARN_OBJC_ROOT_CLASS = YES_ERROR;
				CLANG_WARN_QUOTED_INCLUDE_IN_FRAMEWORK_HEADER = YES;
				CLANG_WARN_RANGE_LOOP_ANALYSIS = YES;
				CLANG_WARN_STRICT_PROTOTYPES = YES;
				CLANG_WARN_SUSPICIOUS_MOVE = YES;
				CLANG_WARN_UNGUARDED_AVAILABILITY = YES_AGGRESSIVE;
				CLANG_WARN_UNREACHABLE_CODE = YES;
				CLANG_WARN__DUPLICATE_METHOD_MATCH = YES;
				COPY_PHASE_STRIP = NO;
				DEBUG_INFORMATION_FORMAT = dwarf;
				ENABLE_STRICT_OBJC_MSGSEND = YES;
				ENABLE_TESTABILITY = YES;
				GCC_C_LANGUAGE_STANDARD = gnu11;
				GCC_DYNAMIC_NO_PIC = NO;
				GCC_NO_COMMON_BLOCKS = YES;
				GCC_OPTIMIZATION_LEVEL = 0;
				GCC_PREPROCESSOR_DEFINITIONS = (
					"DEBUG=1",
					"$(inherited)",
				);
				GCC_WARN_64_TO_32_BIT_CONVERSION = YES;
				GCC_WARN_ABOUT_RETURN_TYPE = YES_ERROR;
				GCC_WARN_UNDECLARED_SELECTOR = YES;
				GCC_WARN_UNINITIALIZED_AUTOS = YES_AGGRESSIVE;
				GCC_WARN_UNUSED_FUNCTION = YES;
				GCC_WARN_UNUSED_VARIABLE = YES;
				IPHONEOS_DEPLOYMENT_TARGET = 14.4;
				MTL_ENABLE_DEBUG_INFO = INCLUDE_SOURCE;
				MTL_FAST_MATH = YES;
				ONLY_ACTIVE_ARCH = YES;
				SDKROOT = iphoneos;
				SWIFT_ACTIVE_COMPILATION_CONDITIONS = DEBUG;
				SWIFT_OPTIMIZATION_LEVEL = "-Onone";
			};
			name = Debug;
		};
		ABE1C43628BE399100921AE8 /* Release */ = {
			isa = XCBuildConfiguration;
			buildSettings = {
				ALWAYS_SEARCH_USER_PATHS = NO;
				CLANG_ANALYZER_NONNULL = YES;
				CLANG_ANALYZER_NUMBER_OBJECT_CONVERSION = YES_AGGRESSIVE;
				CLANG_CXX_LANGUAGE_STANDARD = "gnu++14";
				CLANG_CXX_LIBRARY = "libc++";
				CLANG_ENABLE_MODULES = YES;
				CLANG_ENABLE_OBJC_ARC = YES;
				CLANG_ENABLE_OBJC_WEAK = YES;
				CLANG_WARN_BLOCK_CAPTURE_AUTORELEASING = YES;
				CLANG_WARN_BOOL_CONVERSION = YES;
				CLANG_WARN_COMMA = YES;
				CLANG_WARN_CONSTANT_CONVERSION = YES;
				CLANG_WARN_DEPRECATED_OBJC_IMPLEMENTATIONS = YES;
				CLANG_WARN_DIRECT_OBJC_ISA_USAGE = YES_ERROR;
				CLANG_WARN_DOCUMENTATION_COMMENTS = YES;
				CLANG_WARN_EMPTY_BODY = YES;
				CLANG_WARN_ENUM_CONVERSION = YES;
				CLANG_WARN_INFINITE_RECURSION = YES;
				CLANG_WARN_INT_CONVERSION = YES;
				CLANG_WARN_NON_LITERAL_NULL_CONVERSION = YES;
				CLANG_WARN_OBJC_IMPLICIT_RETAIN_SELF = YES;
				CLANG_WARN_OBJC_LITERAL_CONVERSION = YES;
				CLANG_WARN_OBJC_ROOT_CLASS = YES_ERROR;
				CLANG_WARN_QUOTED_INCLUDE_IN_FRAMEWORK_HEADER = YES;
				CLANG_WARN_RANGE_LOOP_ANALYSIS = YES;
				CLANG_WARN_STRICT_PROTOTYPES = YES;
				CLANG_WARN_SUSPICIOUS_MOVE = YES;
				CLANG_WARN_UNGUARDED_AVAILABILITY = YES_AGGRESSIVE;
				CLANG_WARN_UNREACHABLE_CODE = YES;
				CLANG_WARN__DUPLICATE_METHOD_MATCH = YES;
				COPY_PHASE_STRIP = NO;
				DEBUG_INFORMATION_FORMAT = "dwarf-with-dsym";
				ENABLE_NS_ASSERTIONS = NO;
				ENABLE_STRICT_OBJC_MSGSEND = YES;
				GCC_C_LANGUAGE_STANDARD = gnu11;
				GCC_NO_COMMON_BLOCKS = YES;
				GCC_WARN_64_TO_32_BIT_CONVERSION = YES;
				GCC_WARN_ABOUT_RETURN_TYPE = YES_ERROR;
				GCC_WARN_UNDECLARED_SELECTOR = YES;
				GCC_WARN_UNINITIALIZED_AUTOS = YES_AGGRESSIVE;
				GCC_WARN_UNUSED_FUNCTION = YES;
				GCC_WARN_UNUSED_VARIABLE = YES;
				IPHONEOS_DEPLOYMENT_TARGET = 14.4;
				MTL_ENABLE_DEBUG_INFO = NO;
				MTL_FAST_MATH = YES;
				SDKROOT = iphoneos;
				SWIFT_COMPILATION_MODE = wholemodule;
				SWIFT_OPTIMIZATION_LEVEL = "-O";
				VALIDATE_PRODUCT = YES;
			};
			name = Release;
		};
		ABE1C43828BE399100921AE8 /* Debug */ = {
			isa = XCBuildConfiguration;
			baseConfigurationReference = A2D18B697DCCFD6894204476 /* Pods-marcuslecture.debug.xcconfig */;
			buildSettings = {
				ASSETCATALOG_COMPILER_APPICON_NAME = AppIcon;
				ASSETCATALOG_COMPILER_GLOBAL_ACCENT_COLOR_NAME = AccentColor;
				CODE_SIGN_STYLE = Automatic;
				DEVELOPMENT_TEAM = 4J7F5GB289;
				INFOPLIST_FILE = marcuslecture/Info.plist;
				LD_RUNPATH_SEARCH_PATHS = (
					"$(inherited)",
					"@executable_path/Frameworks",
				);
				PRODUCT_BUNDLE_IDENTIFIER = hys.marcuslecture;
				PRODUCT_NAME = "$(TARGET_NAME)";
				SWIFT_VERSION = 5.0;
				TARGETED_DEVICE_FAMILY = "1,2";
			};
			name = Debug;
		};
		ABE1C43928BE399100921AE8 /* Release */ = {
			isa = XCBuildConfiguration;
			baseConfigurationReference = F514D6AB9A99EC98A5A4608C /* Pods-marcuslecture.release.xcconfig */;
			buildSettings = {
				ASSETCATALOG_COMPILER_APPICON_NAME = AppIcon;
				ASSETCATALOG_COMPILER_GLOBAL_ACCENT_COLOR_NAME = AccentColor;
				CODE_SIGN_STYLE = Automatic;
				DEVELOPMENT_TEAM = 4J7F5GB289;
				INFOPLIST_FILE = marcuslecture/Info.plist;
				LD_RUNPATH_SEARCH_PATHS = (
					"$(inherited)",
					"@executable_path/Frameworks",
				);
				PRODUCT_BUNDLE_IDENTIFIER = hys.marcuslecture;
				PRODUCT_NAME = "$(TARGET_NAME)";
				SWIFT_VERSION = 5.0;
				TARGETED_DEVICE_FAMILY = "1,2";
			};
			name = Release;
		};
		ABE1C43B28BE399100921AE8 /* Debug */ = {
			isa = XCBuildConfiguration;
			baseConfigurationReference = 2CEA63B687C80C253AEF7EB7 /* Pods-marcuslectureTests.debug.xcconfig */;
			buildSettings = {
				ALWAYS_EMBED_SWIFT_STANDARD_LIBRARIES = YES;
				BUNDLE_LOADER = "$(TEST_HOST)";
				CODE_SIGN_STYLE = Automatic;
				DEVELOPMENT_TEAM = 4J7F5GB289;
				INFOPLIST_FILE = marcuslectureTests/Info.plist;
				IPHONEOS_DEPLOYMENT_TARGET = 14.4;
				LD_RUNPATH_SEARCH_PATHS = (
					"$(inherited)",
					"@executable_path/Frameworks",
					"@loader_path/Frameworks",
				);
				PRODUCT_BUNDLE_IDENTIFIER = hys.marcuslectureTests;
				PRODUCT_NAME = "$(TARGET_NAME)";
				SWIFT_VERSION = 5.0;
				TARGETED_DEVICE_FAMILY = "1,2";
				TEST_HOST = "$(BUILT_PRODUCTS_DIR)/marcuslecture.app/marcuslecture";
			};
			name = Debug;
		};
		ABE1C43C28BE399100921AE8 /* Release */ = {
			isa = XCBuildConfiguration;
			baseConfigurationReference = FE66D29BCF1C93AA19FD1B38 /* Pods-marcuslectureTests.release.xcconfig */;
			buildSettings = {
				ALWAYS_EMBED_SWIFT_STANDARD_LIBRARIES = YES;
				BUNDLE_LOADER = "$(TEST_HOST)";
				CODE_SIGN_STYLE = Automatic;
				DEVELOPMENT_TEAM = 4J7F5GB289;
				INFOPLIST_FILE = marcuslectureTests/Info.plist;
				IPHONEOS_DEPLOYMENT_TARGET = 14.4;
				LD_RUNPATH_SEARCH_PATHS = (
					"$(inherited)",
					"@executable_path/Frameworks",
					"@loader_path/Frameworks",
				);
				PRODUCT_BUNDLE_IDENTIFIER = hys.marcuslectureTests;
				PRODUCT_NAME = "$(TARGET_NAME)";
				SWIFT_VERSION = 5.0;
				TARGETED_DEVICE_FAMILY = "1,2";
				TEST_HOST = "$(BUILT_PRODUCTS_DIR)/marcuslecture.app/marcuslecture";
			};
			name = Release;
		};
		ABE1C43E28BE399100921AE8 /* Debug */ = {
			isa = XCBuildConfiguration;
			baseConfigurationReference = D153142FFC8E79707152A663 /* Pods-marcuslecture-marcuslectureUITests.debug.xcconfig */;
			buildSettings = {
				ALWAYS_EMBED_SWIFT_STANDARD_LIBRARIES = YES;
				CODE_SIGN_STYLE = Automatic;
				DEVELOPMENT_TEAM = 4J7F5GB289;
				INFOPLIST_FILE = marcuslectureUITests/Info.plist;
				LD_RUNPATH_SEARCH_PATHS = (
					"$(inherited)",
					"@executable_path/Frameworks",
					"@loader_path/Frameworks",
				);
				PRODUCT_BUNDLE_IDENTIFIER = hys.marcuslectureUITests;
				PRODUCT_NAME = "$(TARGET_NAME)";
				SWIFT_VERSION = 5.0;
				TARGETED_DEVICE_FAMILY = "1,2";
				TEST_TARGET_NAME = marcuslecture;
			};
			name = Debug;
		};
		ABE1C43F28BE399100921AE8 /* Release */ = {
			isa = XCBuildConfiguration;
			baseConfigurationReference = 0B8A3228325A4F8B6D333B48 /* Pods-marcuslecture-marcuslectureUITests.release.xcconfig */;
			buildSettings = {
				ALWAYS_EMBED_SWIFT_STANDARD_LIBRARIES = YES;
				CODE_SIGN_STYLE = Automatic;
				DEVELOPMENT_TEAM = 4J7F5GB289;
				INFOPLIST_FILE = marcuslectureUITests/Info.plist;
				LD_RUNPATH_SEARCH_PATHS = (
					"$(inherited)",
					"@executable_path/Frameworks",
					"@loader_path/Frameworks",
				);
				PRODUCT_BUNDLE_IDENTIFIER = hys.marcuslectureUITests;
				PRODUCT_NAME = "$(TARGET_NAME)";
				SWIFT_VERSION = 5.0;
				TARGETED_DEVICE_FAMILY = "1,2";
				TEST_TARGET_NAME = marcuslecture;
			};
			name = Release;
		};
/* End XCBuildConfiguration section */

/* Begin XCConfigurationList section */
		ABE1C40528BE398700921AE8 /* Build configuration list for PBXProject "marcuslecture" */ = {
			isa = XCConfigurationList;
			buildConfigurations = (
				ABE1C43528BE399100921AE8 /* Debug */,
				ABE1C43628BE399100921AE8 /* Release */,
			);
			defaultConfigurationIsVisible = 0;
			defaultConfigurationName = Release;
		};
		ABE1C43728BE399100921AE8 /* Build configuration list for PBXNativeTarget "marcuslecture" */ = {
			isa = XCConfigurationList;
			buildConfigurations = (
				ABE1C43828BE399100921AE8 /* Debug */,
				ABE1C43928BE399100921AE8 /* Release */,
			);
			defaultConfigurationIsVisible = 0;
			defaultConfigurationName = Release;
		};
		ABE1C43A28BE399100921AE8 /* Build configuration list for PBXNativeTarget "marcuslectureTests" */ = {
			isa = XCConfigurationList;
			buildConfigurations = (
				ABE1C43B28BE399100921AE8 /* Debug */,
				ABE1C43C28BE399100921AE8 /* Release */,
			);
			defaultConfigurationIsVisible = 0;
			defaultConfigurationName = Release;
		};
		ABE1C43D28BE399100921AE8 /* Build configuration list for PBXNativeTarget "marcuslectureUITests" */ = {
			isa = XCConfigurationList;
			buildConfigurations = (
				ABE1C43E28BE399100921AE8 /* Debug */,
				ABE1C43F28BE399100921AE8 /* Release */,
			);
			defaultConfigurationIsVisible = 0;
			defaultConfigurationName = Release;
		};
/* End XCConfigurationList section */

/* Begin XCVersionGroup section */
		ABE1C41628BE398700921AE8 /* marcuslecture.xcdatamodeld */ = {
			isa = XCVersionGroup;
			children = (
				ABE1C41728BE398700921AE8 /* marcuslecture.xcdatamodel */,
			);
			currentVersion = ABE1C41728BE398700921AE8 /* marcuslecture.xcdatamodel */;
			path = marcuslecture.xcdatamodeld;
			sourceTree = "<group>";
			versionGroupType = wrapper.xcdatamodel;
		};
/* End XCVersionGroup section */
	};
	rootObject = ABE1C40228BE398700921AE8 /* Project object */;
}
